
Microsoft Visual Studio Solution File, Format Version 12.00
# Visual Studio Version 16
VisualStudioVersion = 16.0.30907.101
MinimumVisualStudioVersion = 10.0.40219.1
Project("{FAE04EC0-301F-11D3-BF4B-00C04F79EFBC}") = "Scala.ClassesPart2.Wpf", "Scala.ClassesPart2.Wpf\Scala.ClassesPart2.Wpf.csproj", "{B4146453-8ABA-463C-8F95-07743FD6F531}"
EndProject
Project("{FAE04EC0-301F-11D3-BF4B-00C04F79EFBC}") = "Scala.ClassesPart2.Core", "Scala.ClassesPart2.Core\Scala.ClassesPart2.Core.csproj", "{8CA2B222-1D2A-4978-A4C1-E0BD053114A2}"
EndProject
Global
	GlobalSection(SolutionConfigurationPlatforms) = preSolution
		Debug|Any CPU = Debug|Any CPU
		Release|Any CPU = Release|Any CPU
	EndGlobalSection
	GlobalSection(ProjectConfigurationPlatforms) = postSolution
		{B4146453-8ABA-463C-8F95-07743FD6F531}.Debug|Any CPU.ActiveCfg = Debug|Any CPU
		{B4146453-8ABA-463C-8F95-07743FD6F531}.Debug|Any CPU.Build.0 = Debug|Any CPU
		{B4146453-8ABA-463C-8F95-07743FD6F531}.Release|Any CPU.ActiveCfg = Release|Any CPU
		{B4146453-8ABA-463C-8F95-07743FD6F531}.Release|Any CPU.Build.0 = Release|Any CPU
		{8CA2B222-1D2A-4978-A4C1-E0BD053114A2}.Debug|Any CPU.ActiveCfg = Debug|Any CPU
		{8CA2B222-1D2A-4978-A4C1-E0BD053114A2}.Debug|Any CPU.Build.0 = Debug|Any CPU
		{8CA2B222-1D2A-4978-A4C1-E0BD053114A2}.Release|Any CPU.ActiveCfg = Release|Any CPU
		{8CA2B222-1D2A-4978-A4C1-E0BD053114A2}.Release|Any CPU.Build.0 = Release|Any CPU
	EndGlobalSection
	GlobalSection(SolutionProperties) = preSolution
		HideSolutionNode = FALSE
	EndGlobalSection
	GlobalSection(ExtensibilityGlobals) = postSolution
		SolutionGuid = {01C259DD-A68E-4C20-9458-396383E06ADD}
	EndGlobalSection
EndGlobal
